[[package]]
name = "asgiref"
version = "3.5.1"
description = "ASGI specs, helper code, and adapters"
category = "main"
optional = false
python-versions = ">=3.7"

[package.extras]
tests = ["pytest", "pytest-asyncio", "mypy (>=0.800)"]

[[package]]
name = "class-registry"
version = "2.1.2"
description = "Factory+Registry pattern for Python classes."
category = "main"
optional = false
python-versions = "*"

[package.dependencies]
six = "*"

[[package]]
name = "django"
version = "3.2.13"
description = "A high-level Python Web framework that encourages rapid development and clean, pragmatic design."
category = "main"
optional = false
python-versions = ">=3.6"

[package.dependencies]
asgiref = ">=3.3.2,<4"
pytz = "*"
sqlparse = ">=0.2.2"

[package.extras]
argon2 = ["argon2-cffi (>=19.1.0)"]
bcrypt = ["bcrypt"]

[[package]]
name = "filters"
version = "1.3.2"
description = "Validation and data pipelines made easy!"
category = "main"
optional = false
python-versions = "*"

[package.dependencies]
class-registry = "*"
python-dateutil = "*"
pytz = "*"
regex = "*"
six = "*"

[package.extras]
django = ["filters-django"]
iso = ["filters-iso"]

[[package]]
name = "python-dateutil"
version = "2.8.2"
description = "Extensions to the standard Python datetime module"
category = "main"
optional = false
python-versions = "!=3.0.*,!=3.1.*,!=3.2.*,>=2.7"

[package.dependencies]
six = ">=1.5"

[[package]]
name = "pytz"
version = "2022.1"
description = "World timezone definitions, modern and historical"
category = "main"
optional = false
python-versions = "*"

[[package]]
name = "regex"
version = "2022.10.31"
description = "Alternative regular expression module, to replace re."
category = "main"
optional = false
python-versions = ">=3.6"

[[package]]
name = "six"
version = "1.16.0"
description = "Python 2 and 3 compatibility utilities"
category = "main"
optional = false
python-versions = ">=2.7, !=3.0.*, !=3.1.*, !=3.2.*"

[[package]]
name = "sqlparse"
version = "0.4.2"
description = "A non-validating SQL parser."
category = "main"
optional = false
python-versions = ">=3.5"

[metadata]
lock-version = "1.1"
python-versions = "^3.8"
content-hash = "8c8502a90640f9540b5e6509415c39b14874355ed4e07b37525a25c176bccf1b"

[metadata.files]
asgiref = []
class-registry = [
    {file = "class-registry-2.1.2.tar.gz", hash = "sha256:678bdb0322566c07a4d8905140d364bd34a73baf46bf7580fc2e06fa994d4e7e"},
    {file = "class_registry-2.1.2-py2.py3-none-any.whl", hash = "sha256:cfb855514753e2edfe8d88b14a6e449820682fe0983efe61b83df28b688b3e5a"},
]
django = []
filters = []
python-dateutil = []
pytz = []
regex = []
six = []
sqlparse = []
